
Microsoft Visual Studio Solution File, Format Version 12.00
# Visual Studio Version 17
VisualStudioVersion = 17.0.31903.59
MinimumVisualStudioVersion = 10.0.40219.1
Project("{2150E333-8FDC-42A3-9474-1A3956D46DE8}") = "ScadaWeb", "ScadaWeb", "{171FD055-93CB-43A8-BC59-FE6B9F146BD0}"
EndProject
Project("{9A19103F-16F7-4668-BE54-9A1E7A4F7556}") = "ScadaWeb", "ScadaWeb\ScadaWeb\ScadaWeb\ScadaWeb.csproj", "{9899D6CB-E156-43D4-9EF5-C02462767DEB}"
EndProject
Project("{9A19103F-16F7-4668-BE54-9A1E7A4F7556}") = "ScadaWebCommon", "ScadaWeb\ScadaWeb\ScadaWebCommon\ScadaWebCommon.csproj", "{51677283-4210-40E3-B277-FC169D8274C0}"
EndProject
Project("{9A19103F-16F7-4668-BE54-9A1E7A4F7556}") = "ScadaWebCommon.Subset", "ScadaWeb\ScadaWeb\ScadaWebCommon.Subset\ScadaWebCommon.Subset.csproj", "{20494292-9E99-49E6-BBEC-FDB3485E0CBB}"
EndProject
Project("{2150E333-8FDC-42A3-9474-1A3956D46DE8}") = "ScadaServer", "ScadaServer", "{23F20383-2263-4BA0-ABBE-A3A5EC4CBFD4}"
EndProject
Project("{9A19103F-16F7-4668-BE54-9A1E7A4F7556}") = "ScadaServerApp", "ScadaServer\ScadaServer\ScadaServerApp\ScadaServerApp.csproj", "{12DB5D0D-4EC3-4195-BA24-BFBAE8131966}"
EndProject
Project("{9A19103F-16F7-4668-BE54-9A1E7A4F7556}") = "ScadaServerCommon", "ScadaServer\ScadaServer\ScadaServerCommon\ScadaServerCommon.csproj", "{7C2B923C-6937-47E9-90F2-BAF6345D634E}"
EndProject
Project("{9A19103F-16F7-4668-BE54-9A1E7A4F7556}") = "ScadaServerCommon.Forms", "ScadaServer\ScadaServer\ScadaServerCommon.Forms\ScadaServerCommon.Forms.csproj", "{5A3CB7D1-26B2-40A1-AD35-9930637FE46E}"
EndProject
Project("{9A19103F-16F7-4668-BE54-9A1E7A4F7556}") = "ScadaServerEngine", "ScadaServer\ScadaServer\ScadaServerEngine\ScadaServerEngine.csproj", "{76D263E7-8C10-445D-A0FE-D3DF78294BCA}"
EndProject
Project("{9A19103F-16F7-4668-BE54-9A1E7A4F7556}") = "ScadaServerWkr", "ScadaServer\ScadaServer\ScadaServerWkr\ScadaServerWkr.csproj", "{E16B2BA5-222B-4FE1-B219-C7EFBF279C5E}"
EndProject
Project("{2150E333-8FDC-42A3-9474-1A3956D46DE8}") = "ScadaReport", "ScadaReport", "{8C0DEF81-16E4-4E7E-8655-4E23BF3415C2}"
EndProject
Project("{9A19103F-16F7-4668-BE54-9A1E7A4F7556}") = "ScadaReport", "ScadaReport\ScadaReport\ScadaReport.csproj", "{0E475BA9-AE9E-405F-8816-A12A5C37A7B7}"
EndProject
Project("{2150E333-8FDC-42A3-9474-1A3956D46DE8}") = "ScadaDoc", "ScadaDoc", "{CD0E636C-4994-4114-95C1-DE42B4388652}"
EndProject
Project("{9A19103F-16F7-4668-BE54-9A1E7A4F7556}") = "ScadaDoc", "ScadaDoc\ScadaDoc\ScadaDoc.csproj", "{4105DF3B-2399-499D-BFF4-08A15F2CC349}"
EndProject
Project("{2150E333-8FDC-42A3-9474-1A3956D46DE8}") = "ScadaCommon", "ScadaCommon", "{813EF356-49F8-4D27-BF1E-D97F22995C87}"
EndProject
Project("{9A19103F-16F7-4668-BE54-9A1E7A4F7556}") = "FileStorage", "ScadaCommon\FileStorage\FileStorage.csproj", "{1BEF0B46-5A34-4E5A-AB86-10AC87C58635}"
EndProject
Project("{9A19103F-16F7-4668-BE54-9A1E7A4F7556}") = "PostgreSqlStorage", "ScadaCommon\PostgreSqlStorage\PostgreSqlStorage.csproj", "{9CB69953-C075-43B1-AC78-7E4952BE4200}"
EndProject
Project("{9A19103F-16F7-4668-BE54-9A1E7A4F7556}") = "ScadaCommon", "ScadaCommon\ScadaCommon\ScadaCommon.csproj", "{3A19CCE8-3AD6-424C-9BF7-1165489C012E}"
EndProject
Project("{9A19103F-16F7-4668-BE54-9A1E7A4F7556}") = "ScadaCommon.Forms", "ScadaCommon\ScadaCommon.Forms\ScadaCommon.Forms.csproj", "{E7C38032-1683-4802-80F5-FFD3D6E310FB}"
EndProject
Project("{9A19103F-16F7-4668-BE54-9A1E7A4F7556}") = "ScadaCommon.Log", "ScadaCommon\ScadaCommon.Log\ScadaCommon.Log.csproj", "{CAF04DD8-12BB-4D4B-8AB3-2AB66F67AC11}"
EndProject
Project("{9A19103F-16F7-4668-BE54-9A1E7A4F7556}") = "ScadaCommon.MultiDb", "ScadaCommon\ScadaCommon.MultiDb\ScadaCommon.MultiDb.csproj", "{D6D58889-0A2D-4F54-A9F7-0E73D47FEDD3}"
EndProject
Project("{2150E333-8FDC-42A3-9474-1A3956D46DE8}") = "Storages", "Storages", "{14877912-06D9-438B-BF96-1A75B145D22B}"
EndProject
Project("{2150E333-8FDC-42A3-9474-1A3956D46DE8}") = "ScadaComm", "ScadaComm", "{6D514CFA-B7D7-447E-84A9-DC45F687195B}"
EndProject
Project("{9A19103F-16F7-4668-BE54-9A1E7A4F7556}") = "ScadaCommApp", "ScadaComm\ScadaComm\ScadaCommApp\ScadaCommApp.csproj", "{074E732B-36F4-4D20-90BC-BE1DF780DA37}"
EndProject
Project("{9A19103F-16F7-4668-BE54-9A1E7A4F7556}") = "ScadaCommCommon", "ScadaComm\ScadaComm\ScadaCommCommon\ScadaCommCommon.csproj", "{C2FA7F80-DB23-47A7-8A19-2097BCCF7270}"
EndProject
Project("{9A19103F-16F7-4668-BE54-9A1E7A4F7556}") = "ScadaCommEngine", "ScadaComm\ScadaComm\ScadaCommEngine\ScadaCommEngine.csproj", "{1D2C3B43-D711-4CE2-9D65-00A15D865FBC}"
EndProject
Project("{9A19103F-16F7-4668-BE54-9A1E7A4F7556}") = "ScadaCommWkr", "ScadaComm\ScadaComm\ScadaCommWkr\ScadaCommWkr.csproj", "{313B6C39-BB0A-4F10-B03A-19BF0DAB2513}"
EndProject
Project("{2150E333-8FDC-42A3-9474-1A3956D46DE8}") = "ScadaAgent", "ScadaAgent", "{1015AC13-4DE7-4B79-884E-776FFAE25C85}"
EndProject
Project("{9A19103F-16F7-4668-BE54-9A1E7A4F7556}") = "AgentClient", "ScadaAgent\ScadaAgent\AgentClient\AgentClient.csproj", "{C2A8954F-D1B2-455C-A7A0-F88167A5A5CB}"
EndProject
Project("{9A19103F-16F7-4668-BE54-9A1E7A4F7556}") = "ScadaAgentApp", "ScadaAgent\ScadaAgent\ScadaAgentApp\ScadaAgentApp.csproj", "{D546233E-8105-4BDA-AD1E-1ED9025083F9}"
EndProject
Project("{9A19103F-16F7-4668-BE54-9A1E7A4F7556}") = "ScadaAgentCommon", "ScadaAgent\ScadaAgent\ScadaAgentCommon\ScadaAgentCommon.csproj", "{5ED13ED3-FBD4-4F55-A231-BF1FAAB399B2}"
EndProject
Project("{9A19103F-16F7-4668-BE54-9A1E7A4F7556}") = "ScadaAgentEngine", "ScadaAgent\ScadaAgent\ScadaAgentEngine\ScadaAgentEngine.csproj", "{B02D759E-ED79-4C01-8ACA-41C071DE9A2C}"
EndProject
Project("{9A19103F-16F7-4668-BE54-9A1E7A4F7556}") = "ScadaAgentWkr", "ScadaAgent\ScadaAgent\ScadaAgentWkr\ScadaAgentWkr.csproj", "{244925DD-89EA-4E37-AD9F-E549C3DAA062}"
EndProject
Project("{2150E333-8FDC-42A3-9474-1A3956D46DE8}") = "ScadaAdmin", "ScadaAdmin", "{70761144-B9BC-4739-88A1-7A7347631854}"
EndProject
Project("{9A19103F-16F7-4668-BE54-9A1E7A4F7556}") = "ScadaAdmin", "ScadaAdmin\ScadaAdmin\ScadaAdmin\ScadaAdmin.csproj", "{2E91E52B-E737-401B-93E0-69B6F95DA8DD}"
EndProject
Project("{9A19103F-16F7-4668-BE54-9A1E7A4F7556}") = "ScadaAdminCommon", "ScadaAdmin\ScadaAdmin\ScadaAdminCommon\ScadaAdminCommon.csproj", "{E4A15AB3-B3DA-4E05-A9FB-E484A293BEDF}"
EndProject
Project("{2150E333-8FDC-42A3-9474-1A3956D46DE8}") = "OpenPlugins", "OpenPlugins", "{EC220BC6-64D8-434F-8099-ADFE83FB496B}"
EndProject
Project("{2150E333-8FDC-42A3-9474-1A3956D46DE8}") = "PlgChart", "PlgChart", "{AF062955-94EA-45C2-AFC6-89F802F7FAFE}"
EndProject
Project("{2150E333-8FDC-42A3-9474-1A3956D46DE8}") = "PlgMain", "PlgMain", "{F4A0E608-33CD-4091-BB51-7DCCC61C83A6}"
EndProject
Project("{2150E333-8FDC-42A3-9474-1A3956D46DE8}") = "PlgSchBasicComp", "PlgSchBasicComp", "{DCFED1E6-8968-4493-996D-0C1DBA8E25B6}"
EndProject
Project("{2150E333-8FDC-42A3-9474-1A3956D46DE8}") = "PlgScheme", "PlgScheme", "{60D01281-9241-425D-8DD0-029D9FA301AE}"
EndProject
Project("{2150E333-8FDC-42A3-9474-1A3956D46DE8}") = "PlgWebPage", "PlgWebPage", "{8FFDBD61-F13B-4FE8-B708-8796F15CE8F3}"
EndProject
Project("{9A19103F-16F7-4668-BE54-9A1E7A4F7556}") = "PlgChart", "ScadaWeb\OpenPlugins\PlgChart\PlgChart.csproj", "{4C6FA166-6F31-41CA-8831-CB946C739BE4}"
EndProject
Project("{9A19103F-16F7-4668-BE54-9A1E7A4F7556}") = "PlgChart.Common", "ScadaWeb\OpenPlugins\PlgChart.Common\PlgChart.Common.csproj", "{775E1B17-FFBC-412F-9CB2-7076BAB41D63}"
EndProject
Project("{9A19103F-16F7-4668-BE54-9A1E7A4F7556}") = "PlgChart.View", "ScadaWeb\OpenPlugins\PlgChart.View\PlgChart.View.csproj", "{018CBED6-27AC-44B6-B68A-63B007BDA621}"
EndProject
Project("{9A19103F-16F7-4668-BE54-9A1E7A4F7556}") = "PlgMain", "ScadaWeb\OpenPlugins\PlgMain\PlgMain.csproj", "{A58E3FA5-C424-44EE-81E6-91E7DFF33CE3}"
EndProject
Project("{9A19103F-16F7-4668-BE54-9A1E7A4F7556}") = "PlgMain.Common", "ScadaWeb\OpenPlugins\PlgMain.Common\PlgMain.Common.csproj", "{B75C8839-D9F0-4FDC-A8DB-536601CA4D9F}"
EndProject
Project("{9A19103F-16F7-4668-BE54-9A1E7A4F7556}") = "PlgMain.Report", "ScadaWeb\OpenPlugins\PlgMain.Report\PlgMain.Report.csproj", "{CB095327-6298-4CC0-A8AE-71B3F273496F}"
EndProject
Project("{9A19103F-16F7-4668-BE54-9A1E7A4F7556}") = "PlgSchBasicComp", "ScadaWeb\OpenPlugins\PlgSchBasicComp\PlgSchBasicComp.csproj", "{582B1FD6-EA40-459D-9502-11C49BD8076F}"
EndProject
Project("{D954291E-2A0B-460D-934E-DC6B0785DB48}") = "PlgSchBasicComp.Shared", "ScadaWeb\OpenPlugins\PlgSchBasicComp.Shared\PlgSchBasicComp.Shared.shproj", "{A9CC759A-54F9-44FB-AD77-DD8F306668F7}"
EndProject
Project("{9A19103F-16F7-4668-BE54-9A1E7A4F7556}") = "PlgSchBasicComp.View", "ScadaWeb\OpenPlugins\PlgSchBasicComp.View\PlgSchBasicComp.View.csproj", "{CCCF5918-C13B-4AA5-B8E7-3D0AC7C07B36}"
EndProject
Project("{9A19103F-16F7-4668-BE54-9A1E7A4F7556}") = "PlgScheme", "ScadaWeb\OpenPlugins\PlgScheme\PlgScheme.csproj", "{D6D52363-3852-43C2-876F-F6A88F4FB4F2}"
EndProject
Project("{9A19103F-16F7-4668-BE54-9A1E7A4F7556}") = "PlgScheme.Common", "ScadaWeb\OpenPlugins\PlgScheme.Common\PlgScheme.Common.csproj", "{5BF2E3CC-0687-40A4-B20C-71513C9F1B96}"
EndProject
Project("{9A19103F-16F7-4668-BE54-9A1E7A4F7556}") = "PlgScheme.Editor", "ScadaWeb\OpenPlugins\PlgScheme.Editor\PlgScheme.Editor.csproj", "{0BBB6C19-5CCC-4842-8E28-8FC82FB617C6}"
EndProject
Project("{9A19103F-16F7-4668-BE54-9A1E7A4F7556}") = "PlgScheme.EditorWeb", "ScadaWeb\OpenPlugins\PlgScheme.EditorWeb\PlgScheme.EditorWeb.csproj", "{80B18614-3B11-4529-852B-F624C585B996}"
EndProject
Project("{9A19103F-16F7-4668-BE54-9A1E7A4F7556}") = "PlgScheme.View", "ScadaWeb\OpenPlugins\PlgScheme.View\PlgScheme.View.csproj", "{A71ACAB5-72C4-4EF8-BC59-67C058F1833E}"
EndProject
Project("{9A19103F-16F7-4668-BE54-9A1E7A4F7556}") = "PlgWebPage", "ScadaWeb\OpenPlugins\PlgWebPage\PlgWebPage.csproj", "{59430E2D-7775-413D-B34B-1EB4DD0F2306}"
EndProject
Project("{D954291E-2A0B-460D-934E-DC6B0785DB48}") = "PlgWebPage.Shared", "ScadaWeb\OpenPlugins\PlgWebPage.Shared\PlgWebPage.Shared.shproj", "{48540890-21B4-4400-8290-071112B30D53}"
EndProject
Project("{9A19103F-16F7-4668-BE54-9A1E7A4F7556}") = "PlgWebPage.View", "ScadaWeb\OpenPlugins\PlgWebPage.View\PlgWebPage.View.csproj", "{D51963F9-9AFB-4080-B29E-4C93FB137839}"
EndProject
Global
	GlobalSection(SolutionConfigurationPlatforms) = preSolution
		Debug|Any CPU = Debug|Any CPU
		Release|Any CPU = Release|Any CPU
	EndGlobalSection
	GlobalSection(ProjectConfigurationPlatforms) = postSolution
		{9899D6CB-E156-43D4-9EF5-C02462767DEB}.Debug|Any CPU.ActiveCfg = Debug|Any CPU
		{9899D6CB-E156-43D4-9EF5-C02462767DEB}.Debug|Any CPU.Build.0 = Debug|Any CPU
		{9899D6CB-E156-43D4-9EF5-C02462767DEB}.Release|Any CPU.ActiveCfg = Release|Any CPU
		{9899D6CB-E156-43D4-9EF5-C02462767DEB}.Release|Any CPU.Build.0 = Release|Any CPU
		{51677283-4210-40E3-B277-FC169D8274C0}.Debug|Any CPU.ActiveCfg = Debug|Any CPU
		{51677283-4210-40E3-B277-FC169D8274C0}.Debug|Any CPU.Build.0 = Debug|Any CPU
		{51677283-4210-40E3-B277-FC169D8274C0}.Release|Any CPU.ActiveCfg = Release|Any CPU
		{51677283-4210-40E3-B277-FC169D8274C0}.Release|Any CPU.Build.0 = Release|Any CPU
		{20494292-9E99-49E6-BBEC-FDB3485E0CBB}.Debug|Any CPU.ActiveCfg = Debug|Any CPU
		{20494292-9E99-49E6-BBEC-FDB3485E0CBB}.Debug|Any CPU.Build.0 = Debug|Any CPU
		{20494292-9E99-49E6-BBEC-FDB3485E0CBB}.Release|Any CPU.ActiveCfg = Release|Any CPU
		{20494292-9E99-49E6-BBEC-FDB3485E0CBB}.Release|Any CPU.Build.0 = Release|Any CPU
		{12DB5D0D-4EC3-4195-BA24-BFBAE8131966}.Debug|Any CPU.ActiveCfg = Debug|Any CPU
		{12DB5D0D-4EC3-4195-BA24-BFBAE8131966}.Debug|Any CPU.Build.0 = Debug|Any CPU
		{12DB5D0D-4EC3-4195-BA24-BFBAE8131966}.Release|Any CPU.ActiveCfg = Release|Any CPU
		{12DB5D0D-4EC3-4195-BA24-BFBAE8131966}.Release|Any CPU.Build.0 = Release|Any CPU
		{7C2B923C-6937-47E9-90F2-BAF6345D634E}.Debug|Any CPU.ActiveCfg = Debug|Any CPU
		{7C2B923C-6937-47E9-90F2-BAF6345D634E}.Debug|Any CPU.Build.0 = Debug|Any CPU
		{7C2B923C-6937-47E9-90F2-BAF6345D634E}.Release|Any CPU.ActiveCfg = Release|Any CPU
		{7C2B923C-6937-47E9-90F2-BAF6345D634E}.Release|Any CPU.Build.0 = Release|Any CPU
		{5A3CB7D1-26B2-40A1-AD35-9930637FE46E}.Debug|Any CPU.ActiveCfg = Debug|Any CPU
		{5A3CB7D1-26B2-40A1-AD35-9930637FE46E}.Debug|Any CPU.Build.0 = Debug|Any CPU
		{5A3CB7D1-26B2-40A1-AD35-9930637FE46E}.Release|Any CPU.ActiveCfg = Release|Any CPU
		{5A3CB7D1-26B2-40A1-AD35-9930637FE46E}.Release|Any CPU.Build.0 = Release|Any CPU
		{76D263E7-8C10-445D-A0FE-D3DF78294BCA}.Debug|Any CPU.ActiveCfg = Debug|Any CPU
		{76D263E7-8C10-445D-A0FE-D3DF78294BCA}.Debug|Any CPU.Build.0 = Debug|Any CPU
		{76D263E7-8C10-445D-A0FE-D3DF78294BCA}.Release|Any CPU.ActiveCfg = Release|Any CPU
		{76D263E7-8C10-445D-A0FE-D3DF78294BCA}.Release|Any CPU.Build.0 = Release|Any CPU
		{E16B2BA5-222B-4FE1-B219-C7EFBF279C5E}.Debug|Any CPU.ActiveCfg = Debug|Any CPU
		{E16B2BA5-222B-4FE1-B219-C7EFBF279C5E}.Debug|Any CPU.Build.0 = Debug|Any CPU
		{E16B2BA5-222B-4FE1-B219-C7EFBF279C5E}.Release|Any CPU.ActiveCfg = Release|Any CPU
		{E16B2BA5-222B-4FE1-B219-C7EFBF279C5E}.Release|Any CPU.Build.0 = Release|Any CPU
		{0E475BA9-AE9E-405F-8816-A12A5C37A7B7}.Debug|Any CPU.ActiveCfg = Debug|Any CPU
		{0E475BA9-AE9E-405F-8816-A12A5C37A7B7}.Debug|Any CPU.Build.0 = Debug|Any CPU
		{0E475BA9-AE9E-405F-8816-A12A5C37A7B7}.Release|Any CPU.ActiveCfg = Release|Any CPU
		{0E475BA9-AE9E-405F-8816-A12A5C37A7B7}.Release|Any CPU.Build.0 = Release|Any CPU
		{4105DF3B-2399-499D-BFF4-08A15F2CC349}.Debug|Any CPU.ActiveCfg = Debug|Any CPU
		{4105DF3B-2399-499D-BFF4-08A15F2CC349}.Debug|Any CPU.Build.0 = Debug|Any CPU
		{4105DF3B-2399-499D-BFF4-08A15F2CC349}.Release|Any CPU.ActiveCfg = Release|Any CPU
		{4105DF3B-2399-499D-BFF4-08A15F2CC349}.Release|Any CPU.Build.0 = Release|Any CPU
		{1BEF0B46-5A34-4E5A-AB86-10AC87C58635}.Debug|Any CPU.ActiveCfg = Debug|Any CPU
		{1BEF0B46-5A34-4E5A-AB86-10AC87C58635}.Debug|Any CPU.Build.0 = Debug|Any CPU
		{1BEF0B46-5A34-4E5A-AB86-10AC87C58635}.Release|Any CPU.ActiveCfg = Release|Any CPU
		{1BEF0B46-5A34-4E5A-AB86-10AC87C58635}.Release|Any CPU.Build.0 = Release|Any CPU
		{9CB69953-C075-43B1-AC78-7E4952BE4200}.Debug|Any CPU.ActiveCfg = Debug|Any CPU
		{9CB69953-C075-43B1-AC78-7E4952BE4200}.Debug|Any CPU.Build.0 = Debug|Any CPU
		{9CB69953-C075-43B1-AC78-7E4952BE4200}.Release|Any CPU.ActiveCfg = Release|Any CPU
		{9CB69953-C075-43B1-AC78-7E4952BE4200}.Release|Any CPU.Build.0 = Release|Any CPU
		{3A19CCE8-3AD6-424C-9BF7-1165489C012E}.Debug|Any CPU.ActiveCfg = Debug|Any CPU
		{3A19CCE8-3AD6-424C-9BF7-1165489C012E}.Debug|Any CPU.Build.0 = Debug|Any CPU
		{3A19CCE8-3AD6-424C-9BF7-1165489C012E}.Release|Any CPU.ActiveCfg = Release|Any CPU
		{3A19CCE8-3AD6-424C-9BF7-1165489C012E}.Release|Any CPU.Build.0 = Release|Any CPU
		{E7C38032-1683-4802-80F5-FFD3D6E310FB}.Debug|Any CPU.ActiveCfg = Debug|Any CPU
		{E7C38032-1683-4802-80F5-FFD3D6E310FB}.Debug|Any CPU.Build.0 = Debug|Any CPU
		{E7C38032-1683-4802-80F5-FFD3D6E310FB}.Release|Any CPU.ActiveCfg = Release|Any CPU
		{E7C38032-1683-4802-80F5-FFD3D6E310FB}.Release|Any CPU.Build.0 = Release|Any CPU
		{CAF04DD8-12BB-4D4B-8AB3-2AB66F67AC11}.Debug|Any CPU.ActiveCfg = Debug|Any CPU
		{CAF04DD8-12BB-4D4B-8AB3-2AB66F67AC11}.Debug|Any CPU.Build.0 = Debug|Any CPU
		{CAF04DD8-12BB-4D4B-8AB3-2AB66F67AC11}.Release|Any CPU.ActiveCfg = Release|Any CPU
		{CAF04DD8-12BB-4D4B-8AB3-2AB66F67AC11}.Release|Any CPU.Build.0 = Release|Any CPU
		{D6D58889-0A2D-4F54-A9F7-0E73D47FEDD3}.Debug|Any CPU.ActiveCfg = Debug|Any CPU
		{D6D58889-0A2D-4F54-A9F7-0E73D47FEDD3}.Debug|Any CPU.Build.0 = Debug|Any CPU
		{D6D58889-0A2D-4F54-A9F7-0E73D47FEDD3}.Release|Any CPU.ActiveCfg = Release|Any CPU
		{D6D58889-0A2D-4F54-A9F7-0E73D47FEDD3}.Release|Any CPU.Build.0 = Release|Any CPU
		{074E732B-36F4-4D20-90BC-BE1DF780DA37}.Debug|Any CPU.ActiveCfg = Debug|Any CPU
		{074E732B-36F4-4D20-90BC-BE1DF780DA37}.Debug|Any CPU.Build.0 = Debug|Any CPU
		{074E732B-36F4-4D20-90BC-BE1DF780DA37}.Release|Any CPU.ActiveCfg = Release|Any CPU
		{074E732B-36F4-4D20-90BC-BE1DF780DA37}.Release|Any CPU.Build.0 = Release|Any CPU
		{C2FA7F80-DB23-47A7-8A19-2097BCCF7270}.Debug|Any CPU.ActiveCfg = Debug|Any CPU
		{C2FA7F80-DB23-47A7-8A19-2097BCCF7270}.Debug|Any CPU.Build.0 = Debug|Any CPU
		{C2FA7F80-DB23-47A7-8A19-2097BCCF7270}.Release|Any CPU.ActiveCfg = Release|Any CPU
		{C2FA7F80-DB23-47A7-8A19-2097BCCF7270}.Release|Any CPU.Build.0 = Release|Any CPU
		{1D2C3B43-D711-4CE2-9D65-00A15D865FBC}.Debug|Any CPU.ActiveCfg = Debug|Any CPU
		{1D2C3B43-D711-4CE2-9D65-00A15D865FBC}.Debug|Any CPU.Build.0 = Debug|Any CPU
		{1D2C3B43-D711-4CE2-9D65-00A15D865FBC}.Release|Any CPU.ActiveCfg = Release|Any CPU
		{1D2C3B43-D711-4CE2-9D65-00A15D865FBC}.Release|Any CPU.Build.0 = Release|Any CPU
		{313B6C39-BB0A-4F10-B03A-19BF0DAB2513}.Debug|Any CPU.ActiveCfg = Debug|Any CPU
		{313B6C39-BB0A-4F10-B03A-19BF0DAB2513}.Debug|Any CPU.Build.0 = Debug|Any CPU
		{313B6C39-BB0A-4F10-B03A-19BF0DAB2513}.Release|Any CPU.ActiveCfg = Release|Any CPU
		{313B6C39-BB0A-4F10-B03A-19BF0DAB2513}.Release|Any CPU.Build.0 = Release|Any CPU
		{C2A8954F-D1B2-455C-A7A0-F88167A5A5CB}.Debug|Any CPU.ActiveCfg = Debug|Any CPU
		{C2A8954F-D1B2-455C-A7A0-F88167A5A5CB}.Debug|Any CPU.Build.0 = Debug|Any CPU
		{C2A8954F-D1B2-455C-A7A0-F88167A5A5CB}.Release|Any CPU.ActiveCfg = Release|Any CPU
		{C2A8954F-D1B2-455C-A7A0-F88167A5A5CB}.Release|Any CPU.Build.0 = Release|Any CPU
		{D546233E-8105-4BDA-AD1E-1ED9025083F9}.Debug|Any CPU.ActiveCfg = Debug|Any CPU
		{D546233E-8105-4BDA-AD1E-1ED9025083F9}.Debug|Any CPU.Build.0 = Debug|Any CPU
		{D546233E-8105-4BDA-AD1E-1ED9025083F9}.Release|Any CPU.ActiveCfg = Release|Any CPU
		{D546233E-8105-4BDA-AD1E-1ED9025083F9}.Release|Any CPU.Build.0 = Release|Any CPU
		{5ED13ED3-FBD4-4F55-A231-BF1FAAB399B2}.Debug|Any CPU.ActiveCfg = Debug|Any CPU
		{5ED13ED3-FBD4-4F55-A231-BF1FAAB399B2}.Debug|Any CPU.Build.0 = Debug|Any CPU
		{5ED13ED3-FBD4-4F55-A231-BF1FAAB399B2}.Release|Any CPU.ActiveCfg = Release|Any CPU
		{5ED13ED3-FBD4-4F55-A231-BF1FAAB399B2}.Release|Any CPU.Build.0 = Release|Any CPU
		{B02D759E-ED79-4C01-8ACA-41C071DE9A2C}.Debug|Any CPU.ActiveCfg = Debug|Any CPU
		{B02D759E-ED79-4C01-8ACA-41C071DE9A2C}.Debug|Any CPU.Build.0 = Debug|Any CPU
		{B02D759E-ED79-4C01-8ACA-41C071DE9A2C}.Release|Any CPU.ActiveCfg = Release|Any CPU
		{B02D759E-ED79-4C01-8ACA-41C071DE9A2C}.Release|Any CPU.Build.0 = Release|Any CPU
		{244925DD-89EA-4E37-AD9F-E549C3DAA062}.Debug|Any CPU.ActiveCfg = Debug|Any CPU
		{244925DD-89EA-4E37-AD9F-E549C3DAA062}.Debug|Any CPU.Build.0 = Debug|Any CPU
		{244925DD-89EA-4E37-AD9F-E549C3DAA062}.Release|Any CPU.ActiveCfg = Release|Any CPU
		{244925DD-89EA-4E37-AD9F-E549C3DAA062}.Release|Any CPU.Build.0 = Release|Any CPU
		{2E91E52B-E737-401B-93E0-69B6F95DA8DD}.Debug|Any CPU.ActiveCfg = Debug|Any CPU
		{2E91E52B-E737-401B-93E0-69B6F95DA8DD}.Debug|Any CPU.Build.0 = Debug|Any CPU
		{2E91E52B-E737-401B-93E0-69B6F95DA8DD}.Release|Any CPU.ActiveCfg = Release|Any CPU
		{2E91E52B-E737-401B-93E0-69B6F95DA8DD}.Release|Any CPU.Build.0 = Release|Any CPU
		{E4A15AB3-B3DA-4E05-A9FB-E484A293BEDF}.Debug|Any CPU.ActiveCfg = Debug|Any CPU
		{E4A15AB3-B3DA-4E05-A9FB-E484A293BEDF}.Debug|Any CPU.Build.0 = Debug|Any CPU
		{E4A15AB3-B3DA-4E05-A9FB-E484A293BEDF}.Release|Any CPU.ActiveCfg = Release|Any CPU
		{E4A15AB3-B3DA-4E05-A9FB-E484A293BEDF}.Release|Any CPU.Build.0 = Release|Any CPU
		{4C6FA166-6F31-41CA-8831-CB946C739BE4}.Debug|Any CPU.ActiveCfg = Debug|Any CPU
		{4C6FA166-6F31-41CA-8831-CB946C739BE4}.Debug|Any CPU.Build.0 = Debug|Any CPU
		{4C6FA166-6F31-41CA-8831-CB946C739BE4}.Release|Any CPU.ActiveCfg = Release|Any CPU
		{4C6FA166-6F31-41CA-8831-CB946C739BE4}.Release|Any CPU.Build.0 = Release|Any CPU
		{775E1B17-FFBC-412F-9CB2-7076BAB41D63}.Debug|Any CPU.ActiveCfg = Debug|Any CPU
		{775E1B17-FFBC-412F-9CB2-7076BAB41D63}.Debug|Any CPU.Build.0 = Debug|Any CPU
		{775E1B17-FFBC-412F-9CB2-7076BAB41D63}.Release|Any CPU.ActiveCfg = Release|Any CPU
		{775E1B17-FFBC-412F-9CB2-7076BAB41D63}.Release|Any CPU.Build.0 = Release|Any CPU
		{018CBED6-27AC-44B6-B68A-63B007BDA621}.Debug|Any CPU.ActiveCfg = Debug|Any CPU
		{018CBED6-27AC-44B6-B68A-63B007BDA621}.Debug|Any CPU.Build.0 = Debug|Any CPU
		{018CBED6-27AC-44B6-B68A-63B007BDA621}.Release|Any CPU.ActiveCfg = Release|Any CPU
		{018CBED6-27AC-44B6-B68A-63B007BDA621}.Release|Any CPU.Build.0 = Release|Any CPU
		{A58E3FA5-C424-44EE-81E6-91E7DFF33CE3}.Debug|Any CPU.ActiveCfg = Debug|Any CPU
		{A58E3FA5-C424-44EE-81E6-91E7DFF33CE3}.Debug|Any CPU.Build.0 = Debug|Any CPU
		{A58E3FA5-C424-44EE-81E6-91E7DFF33CE3}.Release|Any CPU.ActiveCfg = Release|Any CPU
		{A58E3FA5-C424-44EE-81E6-91E7DFF33CE3}.Release|Any CPU.Build.0 = Release|Any CPU
		{B75C8839-D9F0-4FDC-A8DB-536601CA4D9F}.Debug|Any CPU.ActiveCfg = Debug|Any CPU
		{B75C8839-D9F0-4FDC-A8DB-536601CA4D9F}.Debug|Any CPU.Build.0 = Debug|Any CPU
		{B75C8839-D9F0-4FDC-A8DB-536601CA4D9F}.Release|Any CPU.ActiveCfg = Release|Any CPU
		{B75C8839-D9F0-4FDC-A8DB-536601CA4D9F}.Release|Any CPU.Build.0 = Release|Any CPU
		{CB095327-6298-4CC0-A8AE-71B3F273496F}.Debug|Any CPU.ActiveCfg = Debug|Any CPU
		{CB095327-6298-4CC0-A8AE-71B3F273496F}.Debug|Any CPU.Build.0 = Debug|Any CPU
		{CB095327-6298-4CC0-A8AE-71B3F273496F}.Release|Any CPU.ActiveCfg = Release|Any CPU
		{CB095327-6298-4CC0-A8AE-71B3F273496F}.Release|Any CPU.Build.0 = Release|Any CPU
		{582B1FD6-EA40-459D-9502-11C49BD8076F}.Debug|Any CPU.ActiveCfg = Debug|Any CPU
		{582B1FD6-EA40-459D-9502-11C49BD8076F}.Debug|Any CPU.Build.0 = Debug|Any CPU
		{582B1FD6-EA40-459D-9502-11C49BD8076F}.Release|Any CPU.ActiveCfg = Release|Any CPU
		{582B1FD6-EA40-459D-9502-11C49BD8076F}.Release|Any CPU.Build.0 = Release|Any CPU
		{CCCF5918-C13B-4AA5-B8E7-3D0AC7C07B36}.Debug|Any CPU.ActiveCfg = Debug|Any CPU
		{CCCF5918-C13B-4AA5-B8E7-3D0AC7C07B36}.Debug|Any CPU.Build.0 = Debug|Any CPU
		{CCCF5918-C13B-4AA5-B8E7-3D0AC7C07B36}.Release|Any CPU.ActiveCfg = Release|Any CPU
		{CCCF5918-C13B-4AA5-B8E7-3D0AC7C07B36}.Release|Any CPU.Build.0 = Release|Any CPU
		{D6D52363-3852-43C2-876F-F6A88F4FB4F2}.Debug|Any CPU.ActiveCfg = Debug|Any CPU
		{D6D52363-3852-43C2-876F-F6A88F4FB4F2}.Debug|Any CPU.Build.0 = Debug|Any CPU
		{D6D52363-3852-43C2-876F-F6A88F4FB4F2}.Release|Any CPU.ActiveCfg = Release|Any CPU
		{D6D52363-3852-43C2-876F-F6A88F4FB4F2}.Release|Any CPU.Build.0 = Release|Any CPU
		{5BF2E3CC-0687-40A4-B20C-71513C9F1B96}.Debug|Any CPU.ActiveCfg = Debug|Any CPU
		{5BF2E3CC-0687-40A4-B20C-71513C9F1B96}.Debug|Any CPU.Build.0 = Debug|Any CPU
		{5BF2E3CC-0687-40A4-B20C-71513C9F1B96}.Release|Any CPU.ActiveCfg = Release|Any CPU
		{5BF2E3CC-0687-40A4-B20C-71513C9F1B96}.Release|Any CPU.Build.0 = Release|Any CPU
		{0BBB6C19-5CCC-4842-8E28-8FC82FB617C6}.Debug|Any CPU.ActiveCfg = Debug|Any CPU
		{0BBB6C19-5CCC-4842-8E28-8FC82FB617C6}.Debug|Any CPU.Build.0 = Debug|Any CPU
		{0BBB6C19-5CCC-4842-8E28-8FC82FB617C6}.Release|Any CPU.ActiveCfg = Release|Any CPU
		{0BBB6C19-5CCC-4842-8E28-8FC82FB617C6}.Release|Any CPU.Build.0 = Release|Any CPU
		{80B18614-3B11-4529-852B-F624C585B996}.Debug|Any CPU.ActiveCfg = Debug|Any CPU
		{80B18614-3B11-4529-852B-F624C585B996}.Debug|Any CPU.Build.0 = Debug|Any CPU
		{80B18614-3B11-4529-852B-F624C585B996}.Release|Any CPU.ActiveCfg = Release|Any CPU
		{80B18614-3B11-4529-852B-F624C585B996}.Release|Any CPU.Build.0 = Release|Any CPU
		{A71ACAB5-72C4-4EF8-BC59-67C058F1833E}.Debug|Any CPU.ActiveCfg = Debug|Any CPU
		{A71ACAB5-72C4-4EF8-BC59-67C058F1833E}.Debug|Any CPU.Build.0 = Debug|Any CPU
		{A71ACAB5-72C4-4EF8-BC59-67C058F1833E}.Release|Any CPU.ActiveCfg = Release|Any CPU
		{A71ACAB5-72C4-4EF8-BC59-67C058F1833E}.Release|Any CPU.Build.0 = Release|Any CPU
		{59430E2D-7775-413D-B34B-1EB4DD0F2306}.Debug|Any CPU.ActiveCfg = Debug|Any CPU
		{59430E2D-7775-413D-B34B-1EB4DD0F2306}.Debug|Any CPU.Build.0 = Debug|Any CPU
		{59430E2D-7775-413D-B34B-1EB4DD0F2306}.Release|Any CPU.ActiveCfg = Release|Any CPU
		{59430E2D-7775-413D-B34B-1EB4DD0F2306}.Release|Any CPU.Build.0 = Release|Any CPU
		{D51963F9-9AFB-4080-B29E-4C93FB137839}.Debug|Any CPU.ActiveCfg = Debug|Any CPU
		{D51963F9-9AFB-4080-B29E-4C93FB137839}.Debug|Any CPU.Build.0 = Debug|Any CPU
		{D51963F9-9AFB-4080-B29E-4C93FB137839}.Release|Any CPU.ActiveCfg = Release|Any CPU
		{D51963F9-9AFB-4080-B29E-4C93FB137839}.Release|Any CPU.Build.0 = Release|Any CPU
	EndGlobalSection
	GlobalSection(SolutionProperties) = preSolution
		HideSolutionNode = FALSE
	EndGlobalSection
	GlobalSection(NestedProjects) = preSolution
		{9899D6CB-E156-43D4-9EF5-C02462767DEB} = {171FD055-93CB-43A8-BC59-FE6B9F146BD0}
		{51677283-4210-40E3-B277-FC169D8274C0} = {171FD055-93CB-43A8-BC59-FE6B9F146BD0}
		{20494292-9E99-49E6-BBEC-FDB3485E0CBB} = {171FD055-93CB-43A8-BC59-FE6B9F146BD0}
		{12DB5D0D-4EC3-4195-BA24-BFBAE8131966} = {23F20383-2263-4BA0-ABBE-A3A5EC4CBFD4}
		{7C2B923C-6937-47E9-90F2-BAF6345D634E} = {23F20383-2263-4BA0-ABBE-A3A5EC4CBFD4}
		{5A3CB7D1-26B2-40A1-AD35-9930637FE46E} = {23F20383-2263-4BA0-ABBE-A3A5EC4CBFD4}
		{76D263E7-8C10-445D-A0FE-D3DF78294BCA} = {23F20383-2263-4BA0-ABBE-A3A5EC4CBFD4}
		{E16B2BA5-222B-4FE1-B219-C7EFBF279C5E} = {23F20383-2263-4BA0-ABBE-A3A5EC4CBFD4}
		{0E475BA9-AE9E-405F-8816-A12A5C37A7B7} = {8C0DEF81-16E4-4E7E-8655-4E23BF3415C2}
		{4105DF3B-2399-499D-BFF4-08A15F2CC349} = {CD0E636C-4994-4114-95C1-DE42B4388652}
		{1BEF0B46-5A34-4E5A-AB86-10AC87C58635} = {14877912-06D9-438B-BF96-1A75B145D22B}
		{9CB69953-C075-43B1-AC78-7E4952BE4200} = {14877912-06D9-438B-BF96-1A75B145D22B}
		{3A19CCE8-3AD6-424C-9BF7-1165489C012E} = {813EF356-49F8-4D27-BF1E-D97F22995C87}
		{E7C38032-1683-4802-80F5-FFD3D6E310FB} = {813EF356-49F8-4D27-BF1E-D97F22995C87}
		{CAF04DD8-12BB-4D4B-8AB3-2AB66F67AC11} = {813EF356-49F8-4D27-BF1E-D97F22995C87}
		{D6D58889-0A2D-4F54-A9F7-0E73D47FEDD3} = {813EF356-49F8-4D27-BF1E-D97F22995C87}
		{14877912-06D9-438B-BF96-1A75B145D22B} = {813EF356-49F8-4D27-BF1E-D97F22995C87}
		{074E732B-36F4-4D20-90BC-BE1DF780DA37} = {6D514CFA-B7D7-447E-84A9-DC45F687195B}
		{C2FA7F80-DB23-47A7-8A19-2097BCCF7270} = {6D514CFA-B7D7-447E-84A9-DC45F687195B}
		{1D2C3B43-D711-4CE2-9D65-00A15D865FBC} = {6D514CFA-B7D7-447E-84A9-DC45F687195B}
		{313B6C39-BB0A-4F10-B03A-19BF0DAB2513} = {6D514CFA-B7D7-447E-84A9-DC45F687195B}
		{C2A8954F-D1B2-455C-A7A0-F88167A5A5CB} = {1015AC13-4DE7-4B79-884E-776FFAE25C85}
		{D546233E-8105-4BDA-AD1E-1ED9025083F9} = {1015AC13-4DE7-4B79-884E-776FFAE25C85}
		{5ED13ED3-FBD4-4F55-A231-BF1FAAB399B2} = {1015AC13-4DE7-4B79-884E-776FFAE25C85}
		{B02D759E-ED79-4C01-8ACA-41C071DE9A2C} = {1015AC13-4DE7-4B79-884E-776FFAE25C85}
		{244925DD-89EA-4E37-AD9F-E549C3DAA062} = {1015AC13-4DE7-4B79-884E-776FFAE25C85}
		{2E91E52B-E737-401B-93E0-69B6F95DA8DD} = {70761144-B9BC-4739-88A1-7A7347631854}
		{E4A15AB3-B3DA-4E05-A9FB-E484A293BEDF} = {70761144-B9BC-4739-88A1-7A7347631854}
		{EC220BC6-64D8-434F-8099-ADFE83FB496B} = {171FD055-93CB-43A8-BC59-FE6B9F146BD0}
		{AF062955-94EA-45C2-AFC6-89F802F7FAFE} = {EC220BC6-64D8-434F-8099-ADFE83FB496B}
		{F4A0E608-33CD-4091-BB51-7DCCC61C83A6} = {EC220BC6-64D8-434F-8099-ADFE83FB496B}
		{DCFED1E6-8968-4493-996D-0C1DBA8E25B6} = {EC220BC6-64D8-434F-8099-ADFE83FB496B}
		{60D01281-9241-425D-8DD0-029D9FA301AE} = {EC220BC6-64D8-434F-8099-ADFE83FB496B}
		{8FFDBD61-F13B-4FE8-B708-8796F15CE8F3} = {EC220BC6-64D8-434F-8099-ADFE83FB496B}
		{4C6FA166-6F31-41CA-8831-CB946C739BE4} = {AF062955-94EA-45C2-AFC6-89F802F7FAFE}
		{775E1B17-FFBC-412F-9CB2-7076BAB41D63} = {AF062955-94EA-45C2-AFC6-89F802F7FAFE}
		{018CBED6-27AC-44B6-B68A-63B007BDA621} = {AF062955-94EA-45C2-AFC6-89F802F7FAFE}
		{A58E3FA5-C424-44EE-81E6-91E7DFF33CE3} = {F4A0E608-33CD-4091-BB51-7DCCC61C83A6}
		{B75C8839-D9F0-4FDC-A8DB-536601CA4D9F} = {F4A0E608-33CD-4091-BB51-7DCCC61C83A6}
		{CB095327-6298-4CC0-A8AE-71B3F273496F} = {F4A0E608-33CD-4091-BB51-7DCCC61C83A6}
		{582B1FD6-EA40-459D-9502-11C49BD8076F} = {DCFED1E6-8968-4493-996D-0C1DBA8E25B6}
		{A9CC759A-54F9-44FB-AD77-DD8F306668F7} = {DCFED1E6-8968-4493-996D-0C1DBA8E25B6}
		{CCCF5918-C13B-4AA5-B8E7-3D0AC7C07B36} = {DCFED1E6-8968-4493-996D-0C1DBA8E25B6}
		{D6D52363-3852-43C2-876F-F6A88F4FB4F2} = {60D01281-9241-425D-8DD0-029D9FA301AE}
		{5BF2E3CC-0687-40A4-B20C-71513C9F1B96} = {60D01281-9241-425D-8DD0-029D9FA301AE}
		{0BBB6C19-5CCC-4842-8E28-8FC82FB617C6} = {60D01281-9241-425D-8DD0-029D9FA301AE}
		{80B18614-3B11-4529-852B-F624C585B996} = {60D01281-9241-425D-8DD0-029D9FA301AE}
		{A71ACAB5-72C4-4EF8-BC59-67C058F1833E} = {60D01281-9241-425D-8DD0-029D9FA301AE}
		{59430E2D-7775-413D-B34B-1EB4DD0F2306} = {8FFDBD61-F13B-4FE8-B708-8796F15CE8F3}
		{48540890-21B4-4400-8290-071112B30D53} = {8FFDBD61-F13B-4FE8-B708-8796F15CE8F3}
		{D51963F9-9AFB-4080-B29E-4C93FB137839} = {8FFDBD61-F13B-4FE8-B708-8796F15CE8F3}
	EndGlobalSection
	GlobalSection(ExtensibilityGlobals) = postSolution
		SolutionGuid = {0E3C0443-9118-4DDA-98CA-A4FA729DF320}
	EndGlobalSection
	GlobalSection(SharedMSBuildProjectFiles) = preSolution
		ScadaWeb\OpenPlugins\PlgWebPage.Shared\PlgWebPage.Shared.projitems*{48540890-21b4-4400-8290-071112b30d53}*SharedItemsImports = 13
		ScadaWeb\OpenPlugins\PlgSchBasicComp.Shared\PlgSchBasicComp.Shared.projitems*{582b1fd6-ea40-459d-9502-11c49bd8076f}*SharedItemsImports = 5
		ScadaWeb\OpenPlugins\PlgWebPage.Shared\PlgWebPage.Shared.projitems*{59430e2d-7775-413d-b34b-1eb4dd0f2306}*SharedItemsImports = 5
		ScadaWeb\OpenPlugins\PlgSchBasicComp.Shared\PlgSchBasicComp.Shared.projitems*{a9cc759a-54f9-44fb-ad77-dd8f306668f7}*SharedItemsImports = 13
		ScadaWeb\OpenPlugins\PlgSchBasicComp.Shared\PlgSchBasicComp.Shared.projitems*{cccf5918-c13b-4aa5-b8e7-3d0ac7c07b36}*SharedItemsImports = 5
		ScadaWeb\OpenPlugins\PlgWebPage.Shared\PlgWebPage.Shared.projitems*{d51963f9-9afb-4080-b29e-4c93fb137839}*SharedItemsImports = 5
	EndGlobalSection
EndGlobal
